// !$*UTF8*$!
{
	archiveVersion = 1;
	classes = {
	};
	objectVersion = 46;
	objects = {

/* Begin PBXBuildFile section */
		2E2623A914F5914700EF319B /* NoFavicons.m in Sources */ = {isa = PBXBuildFile; fileRef = 2E2623A814F5914700EF319B /* NoFavicons.m */; };
		FB20D35B1D03C280008CF4BA /* ZKSwizzle.m in Sources */ = {isa = PBXBuildFile; fileRef = FB20D35A1D03C280008CF4BA /* ZKSwizzle.m */; };
/* End PBXBuildFile section */

/* Begin PBXFileReference section */
		2E26239214F590D000EF319B /* NoFavicons.bundle */ = {isa = PBXFileReference; explicitFileType = wrapper.cfbundle; includeInIndex = 0; path = NoFavicons.bundle; sourceTree = BUILT_PRODUCTS_DIR; };
		2E2623A814F5914700EF319B /* NoFavicons.m */ = {isa = PBXFileReference; fileEncoding = 4; lastKnownFileType = sourcecode.c.objc; name = NoFavicons.m; path = NoFavicons/NoFavicons.m; sourceTree = "<group>"; };
		FB20D3591D03C280008CF4BA /* ZKSwizzle.h */ = {isa = PBXFileReference; fileEncoding = 4; lastKnownFileType = sourcecode.c.h; name = ZKSwizzle.h; path = NoFavicons/ZKSwizzle.h; sourceTree = "<group>"; };
		FB20D35A1D03C280008CF4BA /* ZKSwizzle.m */ = {isa = PBXFileReference; fileEncoding = 4; lastKnownFileType = sourcecode.c.objc; name = ZKSwizzle.m; path = NoFavicons/ZKSwizzle.m; sourceTree = "<group>"; };
		FB45D88D1D04A5C7009536AD /* NoFavicons-Info.plist */ = {isa = PBXFileReference; fileEncoding = 4; lastKnownFileType = text.plist.xml; name = "NoFavicons-Info.plist"; path = "NoFavicons/NoFavicons-Info.plist"; sourceTree = "<group>"; };
		FBD4F7AE1D0488F6001C318A /* BookmarkButtonCell.h */ = {isa = PBXFileReference; fileEncoding = 4; lastKnownFileType = sourcecode.c.h; name = BookmarkButtonCell.h; path = NoFavicons/BookmarkButtonCell.h; sourceTree = "<group>"; };
/* End PBXFileReference section */

/* Begin PBXFrameworksBuildPhase section */
		2E26238F14F590D000EF319B /* Frameworks */ = {
			isa = PBXFrameworksBuildPhase;
			buildActionMask = 2147483647;
			files = (
			);
			runOnlyForDeploymentPostprocessing = 0;
		};
/* End PBXFrameworksBuildPhase section */

/* Begin PBXGroup section */
		2E26238714F590D000EF319B = {
			isa = PBXGroup;
			children = (
				FBD4F7AF1D049DEB001C318A /* ZKSwizzle */,
				FBD4F7B01D049DF6001C318A /* Headers */,
				2E2623A814F5914700EF319B /* NoFavicons.m */,
				FB45D88D1D04A5C7009536AD /* NoFavicons-Info.plist */,
				2E26239314F590D000EF319B /* Products */,
			);
			sourceTree = "<group>";
		};
		2E26239314F590D000EF319B /* Products */ = {
			isa = PBXGroup;
			children = (
				2E26239214F590D000EF319B /* NoFavicons.bundle */,
			);
			name = Products;
			sourceTree = "<group>";
		};
		FBD4F7AF1D049DEB001C318A /* ZKSwizzle */ = {
			isa = PBXGroup;
			children = (
				FB20D3591D03C280008CF4BA /* ZKSwizzle.h */,
				FB20D35A1D03C280008CF4BA /* ZKSwizzle.m */,
			);
			name = ZKSwizzle;
			sourceTree = "<group>";
		};
		FBD4F7B01D049DF6001C318A /* Headers */ = {
			isa = PBXGroup;
			children = (
				FBD4F7AE1D0488F6001C318A /* BookmarkButtonCell.h */,
			);
			name = Headers;
			sourceTree = "<group>";
		};
/* End PBXGroup section */

/* Begin PBXNativeTarget section */
		2E26239114F590D000EF319B /* NoFavicons */ = {
			isa = PBXNativeTarget;
			buildConfigurationList = 2E2623A414F590D000EF319B /* Build configuration list for PBXNativeTarget "NoFavicons" */;
			buildPhases = (
				2E26238E14F590D000EF319B /* Sources */,
				2E26238F14F590D000EF319B /* Frameworks */,
				2E26239014F590D000EF319B /* Resources */,
			);
			buildRules = (
			);
			dependencies = (
			);
			name = NoFavicons;
			productName = NoFavicons;
			productReference = 2E26239214F590D000EF319B /* NoFavicons.bundle */;
			productType = "com.apple.product-type.bundle";
		};
/* End PBXNativeTarget section */

/* Begin PBXProject section */
		2E26238914F590D000EF319B /* Project object */ = {
			isa = PBXProject;
			attributes = {
				LastUpgradeCheck = 0810;
			};
			buildConfigurationList = 2E26238C14F590D000EF319B /* Build configuration list for PBXProject "NoFavicons" */;
			compatibilityVersion = "Xcode 3.2";
			developmentRegion = English;
			hasScannedForEncodings = 0;
			knownRegions = (
				en,
			);
			mainGroup = 2E26238714F590D000EF319B;
			productRefGroup = 2E26239314F590D000EF319B /* Products */;
			projectDirPath = "";
			projectRoot = "";
			targets = (
				2E26239114F590D000EF319B /* NoFavicons */,
			);
		};
/* End PBXProject section */

/* Begin PBXResourcesBuildPhase section */
		2E26239014F590D000EF319B /* Resources */ = {
			isa = PBXResourcesBuildPhase;
			buildActionMask = 2147483647;
			files = (
			);
			runOnlyForDeploymentPostprocessing = 0;
		};
/* End PBXResourcesBuildPhase section */

/* Begin PBXSourcesBuildPhase section */
		2E26238E14F590D000EF319B /* Sources */ = {
			isa = PBXSourcesBuildPhase;
			buildActionMask = 2147483647;
			files = (
				FB20D35B1D03C280008CF4BA /* ZKSwizzle.m in Sources */,
				2E2623A914F5914700EF319B /* NoFavicons.m in Sources */,
			);
			runOnlyForDeploymentPostprocessing = 0;
		};
/* End PBXSourcesBuildPhase section */

/* Begin XCBuildConfiguration section */
		2E2623A214F590D000EF319B /* Debug */ = {
			isa = XCBuildConfiguration;
			buildSettings = {
				ALWAYS_SEARCH_USER_PATHS = NO;
				CLANG_ENABLE_OBJC_ARC = NO;
				CLANG_WARN_BOOL_CONVERSION = YES;
				CLANG_WARN_CONSTANT_CONVERSION = YES;
				CLANG_WARN_EMPTY_BODY = YES;
				CLANG_WARN_ENUM_CONVERSION = YES;
				CLANG_WARN_INFINITE_RECURSION = YES;
				CLANG_WARN_INT_CONVERSION = YES;
				CLANG_WARN_OBJCPP_ARC_ABI = NO;
				CLANG_WARN_SUSPICIOUS_MOVE = YES;
				CLANG_WARN_UNREACHABLE_CODE = YES;
				CLANG_WARN__DUPLICATE_METHOD_MATCH = YES;
				COPY_PHASE_STRIP = NO;
				ENABLE_STRICT_OBJC_MSGSEND = YES;
				ENABLE_TESTABILITY = YES;
				GCC_C_LANGUAGE_STANDARD = gnu99;
				GCC_DYNAMIC_NO_PIC = NO;
				GCC_ENABLE_OBJC_EXCEPTIONS = YES;
				GCC_NO_COMMON_BLOCKS = YES;
				GCC_OPTIMIZATION_LEVEL = 0;
				GCC_PREPROCESSOR_DEFINITIONS = (
					"DEBUG=1",
					"$(inherited)",
				);
				GCC_SYMBOLS_PRIVATE_EXTERN = NO;
				GCC_VERSION = com.apple.compilers.llvm.clang.1_0;
				GCC_WARN_64_TO_32_BIT_CONVERSION = YES;
				GCC_WARN_ABOUT_RETURN_TYPE = YES;
				GCC_WARN_UNDECLARED_SELECTOR = YES;
				GCC_WARN_UNINITIALIZED_AUTOS = YES;
				GCC_WARN_UNUSED_FUNCTION = YES;
				GCC_WARN_UNUSED_VARIABLE = YES;
				MACOSX_DEPLOYMENT_TARGET = 10.9;
				ONLY_ACTIVE_ARCH = YES;
				OTHER_LDFLAGS = (
					"-undefined",
					warning,
					"-flat_namespace",
				);
				SDKROOT = macosx;
			};
			name = Debug;
		};
		2E2623A314F590D000EF319B /* Release */ = {
			isa = XCBuildConfiguration;
			buildSettings = {
				ALWAYS_SEARCH_USER_PATHS = NO;
				CLANG_ENABLE_OBJC_ARC = NO;
				CLANG_WARN_BOOL_CONVERSION = YES;
				CLANG_WARN_CONSTANT_CONVERSION = YES;
				CLANG_WARN_EMPTY_BODY = YES;
				CLANG_WARN_ENUM_CONVERSION = YES;
				CLANG_WARN_INFINITE_RECURSION = YES;
				CLANG_WARN_INT_CONVERSION = YES;
				CLANG_WARN_OBJCPP_ARC_ABI = NO;
				CLANG_WARN_SUSPICIOUS_MOVE = YES;
				CLANG_WARN_UNREACHABLE_CODE = YES;
				CLANG_WARN__DUPLICATE_METHOD_MATCH = YES;
				COPY_PHASE_STRIP = YES;
				DEBUG_INFORMATION_FORMAT = "dwarf-with-dsym";
				ENABLE_STRICT_OBJC_MSGSEND = YES;
				GCC_C_LANGUAGE_STANDARD = gnu99;
				GCC_ENABLE_OBJC_EXCEPTIONS = YES;
				GCC_NO_COMMON_BLOCKS = YES;
				GCC_VERSION = com.apple.compilers.llvm.clang.1_0;
				GCC_WARN_64_TO_32_BIT_CONVERSION = YES;
				GCC_WARN_ABOUT_RETURN_TYPE = YES;
				GCC_WARN_UNDECLARED_SELECTOR = YES;
				GCC_WARN_UNINITIALIZED_AUTOS = YES;
				GCC_WARN_UNUSED_FUNCTION = YES;
				GCC_WARN_UNUSED_VARIABLE = YES;
				MACOSX_DEPLOYMENT_TARGET = 10.9;
				ONLY_ACTIVE_ARCH = NO;
				OTHER_LDFLAGS = (
					"-undefined",
					warning,
					"-flat_namespace",
				);
				SDKROOT = macosx;
			};
			name = Release;
		};
		2E2623A514F590D000EF319B /* Debug */ = {
			isa = XCBuildConfiguration;
			buildSettings = {
				CLANG_ENABLE_MODULES = YES;
				COMBINE_HIDPI_IMAGES = YES;
				FRAMEWORK_SEARCH_PATHS = (
					"$(inherited)",
					"$(PROJECT_DIR)",
				);
				GCC_PRECOMPILE_PREFIX_HEADER = NO;
				INFOPLIST_FILE = "$(SRCROOT)/NoFavicons/NoFavicons-Info.plist";
				MACOSX_DEPLOYMENT_TARGET = 10.9;
				PRODUCT_BUNDLE_IDENTIFIER = "org.w0lf.${PRODUCT_NAME:rfc1034identifier}";
				PRODUCT_NAME = "$(TARGET_NAME)";
				SDKROOT = macosx;
				WRAPPER_EXTENSION = bundle;
			};
			name = Debug;
		};
		2E2623A614F590D000EF319B /* Release */ = {
			isa = XCBuildConfiguration;
			buildSettings = {
				CLANG_ENABLE_MODULES = YES;
				COMBINE_HIDPI_IMAGES = YES;
				FRAMEWORK_SEARCH_PATHS = (
					"$(inherited)",
					"$(PROJECT_DIR)",
				);
				GCC_PRECOMPILE_PREFIX_HEADER = NO;
				INFOPLIST_FILE = "$(SRCROOT)/NoFavicons/NoFavicons-Info.plist";
				MACOSX_DEPLOYMENT_TARGET = 10.9;
				PRODUCT_BUNDLE_IDENTIFIER = "org.w0lf.${PRODUCT_NAME:rfc1034identifier}";
				PRODUCT_NAME = "$(TARGET_NAME)";
				SDKROOT = macosx;
				WRAPPER_EXTENSION = bundle;
			};
			name = Release;
		};
/* End XCBuildConfiguration section */

/* Begin XCConfigurationList section */
		2E26238C14F590D000EF319B /* Build configuration list for PBXProject "NoFavicons" */ = {
			isa = XCConfigurationList;
			buildConfigurations = (
				2E2623A214F590D000EF319B /* Debug */,
				2E2623A314F590D000EF319B /* Release */,
			);
			defaultConfigurationIsVisible = 0;
			defaultConfigurationName = Release;
		};
		2E2623A414F590D000EF319B /* Build configuration list for PBXNativeTarget "NoFavicons" */ = {
			isa = XCConfigurationList;
			buildConfigurations = (
				2E2623A514F590D000EF319B /* Debug */,
				2E2623A614F590D000EF319B /* Release */,
			);
			defaultConfigurationIsVisible = 0;
			defaultConfigurationName = Release;
		};
/* End XCConfigurationList section */
	};
	rootObject = 2E26238914F590D000EF319B /* Project object */;
}
